{
  "name": "node",
  "version": "1.0.0",
  "lockfileVersion": 2,
  "requires": true,
  "packages": {
    "": {
      "version": "1.0.0",
      "license": "ISC",
      "dependencies": {
        "german-verbs": "^4.0.1",
        "german-verbs-dict": "^2.0.1"
      }
    },
    "node_modules/german-verbs": {
      "version": "4.0.1",
      "resolved": "https://registry.npmjs.org/german-verbs/-/german-verbs-4.0.1.tgz",
      "integrity": "sha512-m2XIpIph0ljQx5dxlqIHtonmdKRuqblD/uLIWD8QO/nHl25QwcknU8LgxYz4+sTpCkN+GLriiXqwCzfDNkK/dg==",
      "funding": {
        "type": "patreon",
        "url": "https://www.patreon.com/ludan"
      }
    },
    "node_modules/german-verbs-dict": {
      "version": "2.0.1",
      "resolved": "https://registry.npmjs.org/german-verbs-dict/-/german-verbs-dict-2.0.1.tgz",
      "integrity": "sha512-HEeDdVo8cr9nXwumECa3N7igWmxg8ys+OQRJ59ZR0JqTh1DCAZZ2j1dRPFRx6bhJzv2u1HcGFwS3uC1Q7f37ag=="
    }
  },
  "dependencies": {
    "german-verbs": {
      "version": "4.0.1",
      "resolved": "https://registry.npmjs.org/german-verbs/-/german-verbs-4.0.1.tgz",
      "integrity": "sha512-m2XIpIph0ljQx5dxlqIHtonmdKRuqblD/uLIWD8QO/nHl25QwcknU8LgxYz4+sTpCkN+GLriiXqwCzfDNkK/dg=="
    },
    "german-verbs-dict": {
      "version": "2.0.1",
      "resolved": "https://registry.npmjs.org/german-verbs-dict/-/german-verbs-dict-2.0.1.tgz",
      "integrity": "sha512-HEeDdVo8cr9nXwumECa3N7igWmxg8ys+OQRJ59ZR0JqTh1DCAZZ2j1dRPFRx6bhJzv2u1HcGFwS3uC1Q7f37ag=="
    }
  }
}
